
Microsoft Visual Studio Solution File, Format Version 12.00
# Visual Studio Version 17
VisualStudioVersion = 17.8.34330.188
MinimumVisualStudioVersion = 10.0.40219.1
Project("{9A19103F-16F7-4668-BE54-9A1E7A4F7556}") = "polymorphism", "ConsoleApp4\polymorphism.csproj", "{AE85B3DD-AD30-4373-AF07-6E89053FFE2A}"
EndProject
Global
	GlobalSection(SolutionConfigurationPlatforms) = preSolution
		Debug|Any CPU = Debug|Any CPU
		Release|Any CPU = Release|Any CPU
	EndGlobalSection
	GlobalSection(ProjectConfigurationPlatforms) = postSolution
		{AE85B3DD-AD30-4373-AF07-6E89053FFE2A}.Debug|Any CPU.ActiveCfg = Debug|Any CPU
		{AE85B3DD-AD30-4373-AF07-6E89053FFE2A}.Debug|Any CPU.Build.0 = Debug|Any CPU
		{AE85B3DD-AD30-4373-AF07-6E89053FFE2A}.Release|Any CPU.ActiveCfg = Release|Any CPU
		{AE85B3DD-AD30-4373-AF07-6E89053FFE2A}.Release|Any CPU.Build.0 = Release|Any CPU
	EndGlobalSection
	GlobalSection(SolutionProperties) = preSolution
		HideSolutionNode = FALSE
	EndGlobalSection
	GlobalSection(ExtensibilityGlobals) = postSolution
		SolutionGuid = {D046D2AB-64D2-4887-B631-DF381D72C3C2}
	EndGlobalSection
EndGlobal
